// !$*UTF8*$!
{
	archiveVersion = 1;
	classes = {
	};
	objectVersion = 56;
	objects = {

/* Begin PBXBuildFile section */
		A1B1A1B10000000100000001 /* WudiAppApp.swift in Sources */ = {isa = PBXBuildFile; fileRef = A2B2A2B20000000100000001 /* WudiAppApp.swift */; };
		A1B1A1B10000000100000002 /* AppState.swift in Sources */ = {isa = PBXBuildFile; fileRef = A2B2A2B20000000100000002 /* AppState.swift */; };
		A1B1A1B10000000100000003 /* LoginView.swift in Sources */ = {isa = PBXBuildFile; fileRef = A2B2A2B20000000100000003 /* LoginView.swift */; };
		A1B1A1B10000000100000004 /* MainTabView.swift in Sources */ = {isa = PBXBuildFile; fileRef = A2B2A2B20000000100000004 /* MainTabView.swift */; };
		A1B1A1B10000000100000005 /* BottomTabBar.swift in Sources */ = {isa = PBXBuildFile; fileRef = A2B2A2B20000000100000005 /* BottomTabBar.swift */; };
		A1B1A1B10000000100000006 /* FloatLogoutButton.swift in Sources */ = {isa = PBXBuildFile; fileRef = A2B2A2B20000000100000006 /* FloatLogoutButton.swift */; };
		A1B1A1B10000000100000007 /* AccountPlaceholderView.swift in Sources */ = {isa = PBXBuildFile; fileRef = A2B2A2B20000000100000007 /* AccountPlaceholderView.swift */; };
		A1B1A1B10000000100000008 /* ChatListPlaceholderView.swift in Sources */ = {isa = PBXBuildFile; fileRef = A2B2A2B20000000100000008 /* ChatListPlaceholderView.swift */; };
		A1B1A1B10000000100000009 /* ToolsPlaceholderView.swift in Sources */ = {isa = PBXBuildFile; fileRef = A2B2A2B20000000100000009 /* ToolsPlaceholderView.swift */; };
		A1B1A1B1000000010000000A /* MyView.swift in Sources */ = {isa = PBXBuildFile; fileRef = A2B2A2B2000000010000000A /* MyView.swift */; };
		A1B1A1B1000000010000000B /* Assets.xcassets in Resources */ = {isa = PBXBuildFile; fileRef = A2B2A2B2000000010000000B /* Assets.xcassets */; };
		A1B1A1B1000000010000000C /* APIConfig.swift in Sources */ = {isa = PBXBuildFile; fileRef = A2B2A2B2000000010000000E /* APIConfig.swift */; };
		A1B1A1B1000000010000000D /* APIClient.swift in Sources */ = {isa = PBXBuildFile; fileRef = A2B2A2B2000000010000000F /* APIClient.swift */; };
		A1B1A1B1000000010000000E /* AuthService.swift in Sources */ = {isa = PBXBuildFile; fileRef = A2B2A2B20000000100000010 /* AuthService.swift */; };
		A1B1A1B1000000010000000F /* AccountService.swift in Sources */ = {isa = PBXBuildFile; fileRef = A2B2A2B20000000100000011 /* AccountService.swift */; };
		A1B1A1B10000000100000010 /* SyncWebSocketService.swift in Sources */ = {isa = PBXBuildFile; fileRef = A2B2A2B20000000100000012 /* SyncWebSocketService.swift */; };
		A1B1A1B10000000100000013 /* ScrcpyStreamView.swift in Sources */ = {isa = PBXBuildFile; fileRef = A2B2A2B20000000100000013 /* ScrcpyStreamView.swift */; };
		A1B1A1B10000000100000014 /* ChatService.swift in Sources */ = {isa = PBXBuildFile; fileRef = A2B2A2B20000000100000014 /* ChatService.swift */; };
		A1B1A1B10000000100000015 /* SessionView.swift in Sources */ = {isa = PBXBuildFile; fileRef = A2B2A2B20000000100000015 /* SessionView.swift */; };
		A1B1A1B10000000100000016 /* ChatDetailView.swift in Sources */ = {isa = PBXBuildFile; fileRef = A2B2A2B20000000100000016 /* ChatDetailView.swift */; };
		A1B1A1B10000000100000017 /* CustomerMetaStore.swift in Sources */ = {isa = PBXBuildFile; fileRef = A2B2A2B20000000100000017 /* CustomerMetaStore.swift */; };
		A1B1A1B10000000100000018 /* QuickTemplateStore.swift in Sources */ = {isa = PBXBuildFile; fileRef = A2B2A2B20000000100000018 /* QuickTemplateStore.swift */; };
		A1B1A1B10000000100000019 /* JWTChatReviewClaim.swift in Sources */ = {isa = PBXBuildFile; fileRef = A2B2A2B20000000100000019 /* JWTChatReviewClaim.swift */; };
/* End PBXBuildFile section */

/* Begin PBXFileReference section */
		9CCD36392F4E01270015EEA6 /* WudiApp.entitlements */ = {isa = PBXFileReference; lastKnownFileType = text.plist.entitlements; path = WudiApp.entitlements; sourceTree = "<group>"; };
		A2B2A2B20000000100000001 /* WudiAppApp.swift */ = {isa = PBXFileReference; lastKnownFileType = sourcecode.swift; path = WudiAppApp.swift; sourceTree = "<group>"; };
		A2B2A2B20000000100000002 /* AppState.swift */ = {isa = PBXFileReference; lastKnownFileType = sourcecode.swift; path = AppState.swift; sourceTree = "<group>"; };
		A2B2A2B20000000100000003 /* LoginView.swift */ = {isa = PBXFileReference; lastKnownFileType = sourcecode.swift; path = LoginView.swift; sourceTree = "<group>"; };
		A2B2A2B20000000100000004 /* MainTabView.swift */ = {isa = PBXFileReference; lastKnownFileType = sourcecode.swift; path = MainTabView.swift; sourceTree = "<group>"; };
		A2B2A2B20000000100000005 /* BottomTabBar.swift */ = {isa = PBXFileReference; lastKnownFileType = sourcecode.swift; path = BottomTabBar.swift; sourceTree = "<group>"; };
		A2B2A2B20000000100000006 /* FloatLogoutButton.swift */ = {isa = PBXFileReference; lastKnownFileType = sourcecode.swift; path = FloatLogoutButton.swift; sourceTree = "<group>"; };
		A2B2A2B20000000100000007 /* AccountPlaceholderView.swift */ = {isa = PBXFileReference; lastKnownFileType = sourcecode.swift; path = AccountPlaceholderView.swift; sourceTree = "<group>"; };
		A2B2A2B20000000100000008 /* ChatListPlaceholderView.swift */ = {isa = PBXFileReference; lastKnownFileType = sourcecode.swift; path = ChatListPlaceholderView.swift; sourceTree = "<group>"; };
		A2B2A2B20000000100000009 /* ToolsPlaceholderView.swift */ = {isa = PBXFileReference; lastKnownFileType = sourcecode.swift; path = ToolsPlaceholderView.swift; sourceTree = "<group>"; };
		A2B2A2B2000000010000000A /* MyView.swift */ = {isa = PBXFileReference; lastKnownFileType = sourcecode.swift; path = MyView.swift; sourceTree = "<group>"; };
		A2B2A2B2000000010000000B /* Assets.xcassets */ = {isa = PBXFileReference; lastKnownFileType = folder.assetcatalog; path = Assets.xcassets; sourceTree = "<group>"; };
		A2B2A2B2000000010000000C /* Info.plist */ = {isa = PBXFileReference; lastKnownFileType = wrapper.plist; path = Info.plist; sourceTree = "<group>"; };
		A2B2A2B2000000010000000D /* WudiApp.app */ = {isa = PBXFileReference; explicitFileType = wrapper.application; includeInIndex = 0; path = WudiApp.app; sourceTree = BUILT_PRODUCTS_DIR; };
		A2B2A2B2000000010000000E /* APIConfig.swift */ = {isa = PBXFileReference; lastKnownFileType = sourcecode.swift; path = APIConfig.swift; sourceTree = "<group>"; };
		A2B2A2B2000000010000000F /* APIClient.swift */ = {isa = PBXFileReference; lastKnownFileType = sourcecode.swift; path = APIClient.swift; sourceTree = "<group>"; };
		A2B2A2B20000000100000010 /* AuthService.swift */ = {isa = PBXFileReference; lastKnownFileType = sourcecode.swift; path = AuthService.swift; sourceTree = "<group>"; };
		A2B2A2B20000000100000011 /* AccountService.swift */ = {isa = PBXFileReference; lastKnownFileType = sourcecode.swift; path = AccountService.swift; sourceTree = "<group>"; };
		A2B2A2B20000000100000012 /* SyncWebSocketService.swift */ = {isa = PBXFileReference; lastKnownFileType = sourcecode.swift; path = SyncWebSocketService.swift; sourceTree = "<group>"; };
		A2B2A2B20000000100000013 /* ScrcpyStreamView.swift */ = {isa = PBXFileReference; lastKnownFileType = sourcecode.swift; path = ScrcpyStreamView.swift; sourceTree = "<group>"; };
		A2B2A2B20000000100000014 /* ChatService.swift */ = {isa = PBXFileReference; lastKnownFileType = sourcecode.swift; path = ChatService.swift; sourceTree = "<group>"; };
		A2B2A2B20000000100000015 /* SessionView.swift */ = {isa = PBXFileReference; lastKnownFileType = sourcecode.swift; path = SessionView.swift; sourceTree = "<group>"; };
		A2B2A2B20000000100000016 /* ChatDetailView.swift */ = {isa = PBXFileReference; lastKnownFileType = sourcecode.swift; path = ChatDetailView.swift; sourceTree = "<group>"; };
		A2B2A2B20000000100000017 /* CustomerMetaStore.swift */ = {isa = PBXFileReference; lastKnownFileType = sourcecode.swift; path = CustomerMetaStore.swift; sourceTree = "<group>"; };
		A2B2A2B20000000100000018 /* QuickTemplateStore.swift */ = {isa = PBXFileReference; lastKnownFileType = sourcecode.swift; path = QuickTemplateStore.swift; sourceTree = "<group>"; };
		A2B2A2B20000000100000019 /* JWTChatReviewClaim.swift */ = {isa = PBXFileReference; lastKnownFileType = sourcecode.swift; path = JWTChatReviewClaim.swift; sourceTree = "<group>"; };
/* End PBXFileReference section */

/* Begin PBXFrameworksBuildPhase section */
		A5E5A5E50000000100000003 /* Frameworks */ = {
			isa = PBXFrameworksBuildPhase;
			buildActionMask = 2147483647;
			files = (
			);
			runOnlyForDeploymentPostprocessing = 0;
		};
/* End PBXFrameworksBuildPhase section */

/* Begin PBXGroup section */
		A3C3A3C30000000100000001 = {
			isa = PBXGroup;
			children = (
				A3C3A3C30000000100000002 /* WudiApp */,
				A4D4A4D40000000100000001 /* Products */,
			);
			sourceTree = "<group>";
		};
		A3C3A3C30000000100000002 /* WudiApp */ = {
			isa = PBXGroup;
			children = (
				9CCD36392F4E01270015EEA6 /* WudiApp.entitlements */,
				A2B2A2B20000000100000001 /* WudiAppApp.swift */,
				A2B2A2B20000000100000002 /* AppState.swift */,
				A3C3A3C3000000010000000C /* Network */,
				A3C3A3C3000000010000000D /* Services */,
				A3C3A3C30000000100000005 /* Login */,
				A3C3A3C30000000100000006 /* Main */,
				A3C3A3C30000000100000007 /* Components */,
				A3C3A3C30000000100000008 /* Account */,
				A3C3A3C30000000100000009 /* Chat */,
				A3C3A3C3000000010000000A /* Tools */,
				A3C3A3C3000000010000000B /* My */,
				A3C3A3C3000000010000000E /* Screen */,
				A2B2A2B2000000010000000B /* Assets.xcassets */,
				A2B2A2B2000000010000000C /* Info.plist */,
			);
			path = WudiApp;
			sourceTree = "<group>";
		};
		A3C3A3C30000000100000005 /* Login */ = {
			isa = PBXGroup;
			children = (
				A2B2A2B20000000100000003 /* LoginView.swift */,
			);
			path = Login;
			sourceTree = "<group>";
		};
		A3C3A3C30000000100000006 /* Main */ = {
			isa = PBXGroup;
			children = (
				A2B2A2B20000000100000004 /* MainTabView.swift */,
			);
			path = Main;
			sourceTree = "<group>";
		};
		A3C3A3C30000000100000007 /* Components */ = {
			isa = PBXGroup;
			children = (
				A2B2A2B20000000100000005 /* BottomTabBar.swift */,
				A2B2A2B20000000100000006 /* FloatLogoutButton.swift */,
			);
			path = Components;
			sourceTree = "<group>";
		};
		A3C3A3C30000000100000008 /* Account */ = {
			isa = PBXGroup;
			children = (
				A2B2A2B20000000100000007 /* AccountPlaceholderView.swift */,
			);
			path = Account;
			sourceTree = "<group>";
		};
		A3C3A3C30000000100000009 /* Chat */ = {
			isa = PBXGroup;
			children = (
				A2B2A2B20000000100000008 /* ChatListPlaceholderView.swift */,
				A2B2A2B20000000100000015 /* SessionView.swift */,
				A2B2A2B20000000100000016 /* ChatDetailView.swift */,
				A2B2A2B20000000100000017 /* CustomerMetaStore.swift */,
			);
			path = Chat;
			sourceTree = "<group>";
		};
		A3C3A3C3000000010000000A /* Tools */ = {
			isa = PBXGroup;
			children = (
				A2B2A2B20000000100000009 /* ToolsPlaceholderView.swift */,
				A2B2A2B20000000100000018 /* QuickTemplateStore.swift */,
			);
			path = Tools;
			sourceTree = "<group>";
		};
		A3C3A3C3000000010000000B /* My */ = {
			isa = PBXGroup;
			children = (
				A2B2A2B2000000010000000A /* MyView.swift */,
			);
			path = My;
			sourceTree = "<group>";
		};
		A3C3A3C3000000010000000C /* Network */ = {
			isa = PBXGroup;
			children = (
				A2B2A2B2000000010000000E /* APIConfig.swift */,
				A2B2A2B2000000010000000F /* APIClient.swift */,
				A2B2A2B20000000100000019 /* JWTChatReviewClaim.swift */,
				A2B2A2B20000000100000012 /* SyncWebSocketService.swift */,
			);
			path = Network;
			sourceTree = "<group>";
		};
		A3C3A3C3000000010000000D /* Services */ = {
			isa = PBXGroup;
			children = (
				A2B2A2B20000000100000010 /* AuthService.swift */,
				A2B2A2B20000000100000011 /* AccountService.swift */,
				A2B2A2B20000000100000014 /* ChatService.swift */,
			);
			path = Services;
			sourceTree = "<group>";
		};
		A3C3A3C3000000010000000E /* Screen */ = {
			isa = PBXGroup;
			children = (
				A2B2A2B20000000100000013 /* ScrcpyStreamView.swift */,
			);
			path = Screen;
			sourceTree = "<group>";
		};
		A4D4A4D40000000100000001 /* Products */ = {
			isa = PBXGroup;
			children = (
				A2B2A2B2000000010000000D /* WudiApp.app */,
			);
			name = Products;
			sourceTree = "<group>";
		};
/* End PBXGroup section */

/* Begin PBXNativeTarget section */
		A8H8A8H80000000100000001 /* WudiApp */ = {
			isa = PBXNativeTarget;
			buildConfigurationList = A7G7A7G70000000100000006 /* Build configuration list for PBXNativeTarget "WudiApp" */;
			buildPhases = (
				A5E5A5E50000000100000001 /* Sources */,
				A5E5A5E50000000100000003 /* Frameworks */,
				A5E5A5E50000000100000002 /* Resources */,
			);
			buildRules = (
			);
			dependencies = (
			);
			name = WudiApp;
			productName = WudiApp;
			productReference = A2B2A2B2000000010000000D /* WudiApp.app */;
			productType = "com.apple.product-type.application";
		};
/* End PBXNativeTarget section */

/* Begin PBXProject section */
		A6F6A6F60000000100000001 /* Project object */ = {
			isa = PBXProject;
			attributes = {
				BuildIndependentTargetsInParallel = 1;
				LastSwiftUpdateCheck = 1500;
				LastUpgradeCheck = 1500;
			};
			buildConfigurationList = A7G7A7G70000000100000002 /* Build configuration list for PBXProject "WudiApp" */;
			compatibilityVersion = "Xcode 14.0";
			developmentRegion = "zh-Hans";
			hasScannedForEncodings = 0;
			knownRegions = (
				en,
				Base,
				"zh-Hans",
			);
			mainGroup = A3C3A3C30000000100000001;
			productRefGroup = A4D4A4D40000000100000001 /* Products */;
			projectDirPath = "";
			projectRoot = "";
			targets = (
				A8H8A8H80000000100000001 /* WudiApp */,
			);
		};
/* End PBXProject section */

/* Begin PBXResourcesBuildPhase section */
		A5E5A5E50000000100000002 /* Resources */ = {
			isa = PBXResourcesBuildPhase;
			buildActionMask = 2147483647;
			files = (
				A1B1A1B1000000010000000B /* Assets.xcassets in Resources */,
			);
			runOnlyForDeploymentPostprocessing = 0;
		};
/* End PBXResourcesBuildPhase section */

/* Begin PBXSourcesBuildPhase section */
		A5E5A5E50000000100000001 /* Sources */ = {
			isa = PBXSourcesBuildPhase;
			buildActionMask = 2147483647;
			files = (
				A1B1A1B10000000100000001 /* WudiAppApp.swift in Sources */,
				A1B1A1B10000000100000002 /* AppState.swift in Sources */,
				A1B1A1B10000000100000003 /* LoginView.swift in Sources */,
				A1B1A1B10000000100000004 /* MainTabView.swift in Sources */,
				A1B1A1B10000000100000005 /* BottomTabBar.swift in Sources */,
				A1B1A1B10000000100000006 /* FloatLogoutButton.swift in Sources */,
				A1B1A1B10000000100000007 /* AccountPlaceholderView.swift in Sources */,
				A1B1A1B10000000100000008 /* ChatListPlaceholderView.swift in Sources */,
				A1B1A1B10000000100000009 /* ToolsPlaceholderView.swift in Sources */,
				A1B1A1B1000000010000000A /* MyView.swift in Sources */,
				A1B1A1B1000000010000000C /* APIConfig.swift in Sources */,
				A1B1A1B10000000100000019 /* JWTChatReviewClaim.swift in Sources */,
				A1B1A1B1000000010000000D /* APIClient.swift in Sources */,
				A1B1A1B1000000010000000E /* AuthService.swift in Sources */,
				A1B1A1B1000000010000000F /* AccountService.swift in Sources */,
				A1B1A1B10000000100000010 /* SyncWebSocketService.swift in Sources */,
				A1B1A1B10000000100000013 /* ScrcpyStreamView.swift in Sources */,
				A1B1A1B10000000100000014 /* ChatService.swift in Sources */,
				A1B1A1B10000000100000015 /* SessionView.swift in Sources */,
				A1B1A1B10000000100000016 /* ChatDetailView.swift in Sources */,
				A1B1A1B10000000100000017 /* CustomerMetaStore.swift in Sources */,
				A1B1A1B10000000100000018 /* QuickTemplateStore.swift in Sources */,
			);
			runOnlyForDeploymentPostprocessing = 0;
		};
/* End PBXSourcesBuildPhase section */

/* Begin XCBuildConfiguration section */
		A7G7A7G70000000100000001 /* Debug */ = {
			isa = XCBuildConfiguration;
			buildSettings = {
				ALWAYS_SEARCH_USER_PATHS = NO;
				CLANG_ANALYZER_NONNULL = YES;
				CLANG_CXX_LANGUAGE_STANDARD = "gnu++20";
				COPY_PHASE_STRIP = NO;
				DEBUG_INFORMATION_FORMAT = dwarf;
				ENABLE_STRICT_OBJC_MSGSEND = YES;
				GCC_C_LANGUAGE_STANDARD = gnu17;
				GCC_OPTIMIZATION_LEVEL = 0;
				IPHONEOS_DEPLOYMENT_TARGET = 15.0;
				MTL_ENABLE_DEBUG_INFO = INCLUDE_SOURCE;
				MTL_FAST_MATH = YES;
				ONLY_ACTIVE_ARCH = YES;
				SWIFT_ACTIVE_COMPILATION_CONDITIONS = DEBUG;
				SWIFT_OPTIMIZATION_LEVEL = "-Onone";
			};
			name = Debug;
		};
		A7G7A7G70000000100000003 /* Release */ = {
			isa = XCBuildConfiguration;
			buildSettings = {
				ALWAYS_SEARCH_USER_PATHS = NO;
				CLANG_ANALYZER_NONNULL = YES;
				CLANG_CXX_LANGUAGE_STANDARD = "gnu++20";
				COPY_PHASE_STRIP = NO;
				DEBUG_INFORMATION_FORMAT = "dwarf-with-dsym";
				ENABLE_NS_ASSERTIONS = NO;
				ENABLE_STRICT_OBJC_MSGSEND = YES;
				GCC_C_LANGUAGE_STANDARD = gnu17;
				IPHONEOS_DEPLOYMENT_TARGET = 15.0;
				MTL_ENABLE_DEBUG_INFO = NO;
				MTL_FAST_MATH = YES;
				SWIFT_COMPILATION_MODE = wholemodule;
			};
			name = Release;
		};
		A7G7A7G70000000100000004 /* Debug */ = {
			isa = XCBuildConfiguration;
			buildSettings = {
				ASSETCATALOG_COMPILER_APPICON_NAME = AppIcon;
				ASSETCATALOG_COMPILER_GLOBAL_ACCENT_COLOR_NAME = AccentColor;
				CODE_SIGN_ENTITLEMENTS = WudiApp/WudiApp.entitlements;
				CODE_SIGN_STYLE = Automatic;
				CURRENT_PROJECT_VERSION = 4;
				DEVELOPMENT_ASSET_PATHS = "";
				DEVELOPMENT_TEAM = 37J66PZGB3;
				ENABLE_PREVIEWS = YES;
				GENERATE_INFOPLIST_FILE = YES;
				INFOPLIST_FILE = WudiApp/Info.plist;
				INFOPLIST_KEY_CFBundleDisplayName = "计算器";
				INFOPLIST_KEY_NSCameraUsageDescription = "用于拍照并发送图片消息";
				INFOPLIST_KEY_NSPhotoLibraryAddUsageDescription = "用于保存和处理发送图片";
				INFOPLIST_KEY_NSPhotoLibraryUsageDescription = "用于选择图片并发送消息";
				INFOPLIST_KEY_UIApplicationSupportsIndirectInputEvents = YES;
				INFOPLIST_KEY_UIRequiredDeviceCapabilities = "armv7 gps";
				INFOPLIST_KEY_UISupportedInterfaceOrientations = "UIInterfaceOrientationPortrait UIInterfaceOrientationLandscapeLeft UIInterfaceOrientationLandscapeRight";
				INFOPLIST_KEY_UISupportedInterfaceOrientations_iPad = "UIInterfaceOrientationPortrait UIInterfaceOrientationPortraitUpsideDown UIInterfaceOrientationLandscapeLeft UIInterfaceOrientationLandscapeRight";
				IPHONEOS_DEPLOYMENT_TARGET = 17.0.1;
				LD_RUNPATH_SEARCH_PATHS = (
					"$(inherited)",
					"@executable_path/Frameworks",
				);
				MARKETING_VERSION = 1.6;
				PRODUCT_BUNDLE_IDENTIFIER = com.kimichat;
				PRODUCT_NAME = "$(TARGET_NAME)";
				SUPPORTED_PLATFORMS = "iphoneos iphonesimulator";
				SUPPORTS_MACCATALYST = NO;
				SWIFT_EMIT_LOC_STRINGS = YES;
				SWIFT_VERSION = 5.0;
				TARGETED_DEVICE_FAMILY = 1;
			};
			name = Debug;
		};
		A7G7A7G70000000100000005 /* Release */ = {
			isa = XCBuildConfiguration;
			buildSettings = {
				ASSETCATALOG_COMPILER_APPICON_NAME = AppIcon;
				ASSETCATALOG_COMPILER_GLOBAL_ACCENT_COLOR_NAME = AccentColor;
				CODE_SIGN_ENTITLEMENTS = WudiApp/WudiApp.entitlements;
				CODE_SIGN_STYLE = Automatic;
				CURRENT_PROJECT_VERSION = 4;
				DEVELOPMENT_ASSET_PATHS = "";
				DEVELOPMENT_TEAM = 37J66PZGB3;
				ENABLE_PREVIEWS = YES;
				GENERATE_INFOPLIST_FILE = YES;
				INFOPLIST_FILE = WudiApp/Info.plist;
				INFOPLIST_KEY_CFBundleDisplayName = "计算器";
				INFOPLIST_KEY_NSCameraUsageDescription = "用于拍照并发送图片消息";
				INFOPLIST_KEY_NSPhotoLibraryAddUsageDescription = "用于保存和处理发送图片";
				INFOPLIST_KEY_NSPhotoLibraryUsageDescription = "用于选择图片并发送消息";
				INFOPLIST_KEY_UIApplicationSupportsIndirectInputEvents = YES;
				INFOPLIST_KEY_UIRequiredDeviceCapabilities = "armv7 gps";
				INFOPLIST_KEY_UISupportedInterfaceOrientations = "UIInterfaceOrientationPortrait UIInterfaceOrientationLandscapeLeft UIInterfaceOrientationLandscapeRight";
				INFOPLIST_KEY_UISupportedInterfaceOrientations_iPad = "UIInterfaceOrientationPortrait UIInterfaceOrientationPortraitUpsideDown UIInterfaceOrientationLandscapeLeft UIInterfaceOrientationLandscapeRight";
				IPHONEOS_DEPLOYMENT_TARGET = 17.0.1;
				LD_RUNPATH_SEARCH_PATHS = (
					"$(inherited)",
					"@executable_path/Frameworks",
				);
				MARKETING_VERSION = 1.6;
				PRODUCT_BUNDLE_IDENTIFIER = com.kimichat;
				PRODUCT_NAME = "$(TARGET_NAME)";
				SUPPORTED_PLATFORMS = "iphoneos iphonesimulator";
				SUPPORTS_MACCATALYST = NO;
				SWIFT_EMIT_LOC_STRINGS = YES;
				SWIFT_VERSION = 5.0;
				TARGETED_DEVICE_FAMILY = 1;
			};
			name = Release;
		};
/* End XCBuildConfiguration section */

/* Begin XCConfigurationList section */
		A7G7A7G70000000100000002 /* Build configuration list for PBXProject "WudiApp" */ = {
			isa = XCConfigurationList;
			buildConfigurations = (
				A7G7A7G70000000100000001 /* Debug */,
				A7G7A7G70000000100000003 /* Release */,
			);
			defaultConfigurationIsVisible = 0;
			defaultConfigurationName = Release;
		};
		A7G7A7G70000000100000006 /* Build configuration list for PBXNativeTarget "WudiApp" */ = {
			isa = XCConfigurationList;
			buildConfigurations = (
				A7G7A7G70000000100000004 /* Debug */,
				A7G7A7G70000000100000005 /* Release */,
			);
			defaultConfigurationIsVisible = 0;
			defaultConfigurationName = Release;
		};
/* End XCConfigurationList section */
	};
	rootObject = A6F6A6F60000000100000001 /* Project object */;
}
